// !$*UTF8*$!
{
	archiveVersion = 1;
	classes = {
	};
	objectVersion = 46;
	objects = {

/* Begin PBXBuildFile section */
		969C38D61A64424C0025089B /* Foundation.framework in Frameworks */ = {isa = PBXBuildFile; fileRef = 969C38D51A64424C0025089B /* Foundation.framework */; };
		969C38D81A64424C0025089B /* CoreGraphics.framework in Frameworks */ = {isa = PBXBuildFile; fileRef = 969C38D71A64424C0025089B /* CoreGraphics.framework */; };
		969C38DA1A64424C0025089B /* UIKit.framework in Frameworks */ = {isa = PBXBuildFile; fileRef = 969C38D91A64424C0025089B /* UIKit.framework */; };
		969C38E01A64424C0025089B /* InfoPlist.strings in Resources */ = {isa = PBXBuildFile; fileRef = 969C38DE1A64424C0025089B /* InfoPlist.strings */; };
		969C38E21A64424C0025089B /* main.m in Sources */ = {isa = PBXBuildFile; fileRef = 969C38E11A64424C0025089B /* main.m */; };
		969C38E61A64424C0025089B /* AppDelegate.m in Sources */ = {isa = PBXBuildFile; fileRef = 969C38E51A64424C0025089B /* AppDelegate.m */; };
		969C38E91A64424C0025089B /* Main.storyboard in Resources */ = {isa = PBXBuildFile; fileRef = 969C38E71A64424C0025089B /* Main.storyboard */; };
		969C38EC1A64424C0025089B /* ViewController.m in Sources */ = {isa = PBXBuildFile; fileRef = 969C38EB1A64424C0025089B /* ViewController.m */; };
		969C38EE1A64424C0025089B /* Images.xcassets in Resources */ = {isa = PBXBuildFile; fileRef = 969C38ED1A64424C0025089B /* Images.xcassets */; };
		969C38F51A64424C0025089B /* XCTest.framework in Frameworks */ = {isa = PBXBuildFile; fileRef = 969C38F41A64424C0025089B /* XCTest.framework */; };
		969C38F61A64424C0025089B /* Foundation.framework in Frameworks */ = {isa = PBXBuildFile; fileRef = 969C38D51A64424C0025089B /* Foundation.framework */; };
		969C38F71A64424C0025089B /* UIKit.framework in Frameworks */ = {isa = PBXBuildFile; fileRef = 969C38D91A64424C0025089B /* UIKit.framework */; };
		969C38FF1A64424C0025089B /* InfoPlist.strings in Resources */ = {isa = PBXBuildFile; fileRef = 969C38FD1A64424C0025089B /* InfoPlist.strings */; };
		969C39011A64424C0025089B /* Man_s_Best_FriendTests.m in Sources */ = {isa = PBXBuildFile; fileRef = 969C39001A64424C0025089B /* Man_s_Best_FriendTests.m */; };
/* End PBXBuildFile section */

/* Begin PBXContainerItemProxy section */
		969C38F81A64424C0025089B /* PBXContainerItemProxy */ = {
			isa = PBXContainerItemProxy;
			containerPortal = 969C38CA1A64424C0025089B /* Project object */;
			proxyType = 1;
			remoteGlobalIDString = 969C38D11A64424C0025089B;
			remoteInfo = "Man's Best Friend";
		};
/* End PBXContainerItemProxy section */

/* Begin PBXFileReference section */
		969C38D21A64424C0025089B /* Man's Best Friend.app */ = {isa = PBXFileReference; explicitFileType = wrapper.application; includeInIndex = 0; path = "Man's Best Friend.app"; sourceTree = BUILT_PRODUCTS_DIR; };
		969C38D51A64424C0025089B /* Foundation.framework */ = {isa = PBXFileReference; lastKnownFileType = wrapper.framework; name = Foundation.framework; path = System/Library/Frameworks/Foundation.framework; sourceTree = SDKROOT; };
		969C38D71A64424C0025089B /* CoreGraphics.framework */ = {isa = PBXFileReference; lastKnownFileType = wrapper.framework; name = CoreGraphics.framework; path = System/Library/Frameworks/CoreGraphics.framework; sourceTree = SDKROOT; };
		969C38D91A64424C0025089B /* UIKit.framework */ = {isa = PBXFileReference; lastKnownFileType = wrapper.framework; name = UIKit.framework; path = System/Library/Frameworks/UIKit.framework; sourceTree = SDKROOT; };
		969C38DD1A64424C0025089B /* Man's Best Friend-Info.plist */ = {isa = PBXFileReference; lastKnownFileType = text.plist.xml; path = "Man's Best Friend-Info.plist"; sourceTree = "<group>"; };
		969C38DF1A64424C0025089B /* en */ = {isa = PBXFileReference; lastKnownFileType = text.plist.strings; name = en; path = en.lproj/InfoPlist.strings; sourceTree = "<group>"; };
		969C38E11A64424C0025089B /* main.m */ = {isa = PBXFileReference; lastKnownFileType = sourcecode.c.objc; path = main.m; sourceTree = "<group>"; };
		969C38E31A64424C0025089B /* Man's Best Friend-Prefix.pch */ = {isa = PBXFileReference; lastKnownFileType = sourcecode.c.h; path = "Man's Best Friend-Prefix.pch"; sourceTree = "<group>"; };
		969C38E41A64424C0025089B /* AppDelegate.h */ = {isa = PBXFileReference; lastKnownFileType = sourcecode.c.h; path = AppDelegate.h; sourceTree = "<group>"; };
		969C38E51A64424C0025089B /* AppDelegate.m */ = {isa = PBXFileReference; lastKnownFileType = sourcecode.c.objc; path = AppDelegate.m; sourceTree = "<group>"; };
		969C38E81A64424C0025089B /* Base */ = {isa = PBXFileReference; lastKnownFileType = file.storyboard; name = Base; path = Base.lproj/Main.storyboard; sourceTree = "<group>"; };
		969C38EA1A64424C0025089B /* ViewController.h */ = {isa = PBXFileReference; lastKnownFileType = sourcecode.c.h; path = ViewController.h; sourceTree = "<group>"; };
		969C38EB1A64424C0025089B /* ViewController.m */ = {isa = PBXFileReference; lastKnownFileType = sourcecode.c.objc; path = ViewController.m; sourceTree = "<group>"; };
		969C38ED1A64424C0025089B /* Images.xcassets */ = {isa = PBXFileReference; lastKnownFileType = folder.assetcatalog; path = Images.xcassets; sourceTree = "<group>"; };
		969C38F31A64424C0025089B /* Man's Best FriendTests.xctest */ = {isa = PBXFileReference; explicitFileType = wrapper.cfbundle; includeInIndex = 0; path = "Man's Best FriendTests.xctest"; sourceTree = BUILT_PRODUCTS_DIR; };
		969C38F41A64424C0025089B /* XCTest.framework */ = {isa = PBXFileReference; lastKnownFileType = wrapper.framework; name = XCTest.framework; path = Library/Frameworks/XCTest.framework; sourceTree = DEVELOPER_DIR; };
		969C38FC1A64424C0025089B /* Man's Best FriendTests-Info.plist */ = {isa = PBXFileReference; lastKnownFileType = text.plist.xml; path = "Man's Best FriendTests-Info.plist"; sourceTree = "<group>"; };
		969C38FE1A64424C0025089B /* en */ = {isa = PBXFileReference; lastKnownFileType = text.plist.strings; name = en; path = en.lproj/InfoPlist.strings; sourceTree = "<group>"; };
		969C39001A64424C0025089B /* Man_s_Best_FriendTests.m */ = {isa = PBXFileReference; lastKnownFileType = sourcecode.c.objc; path = Man_s_Best_FriendTests.m; sourceTree = "<group>"; };
/* End PBXFileReference section */

/* Begin PBXFrameworksBuildPhase section */
		969C38CF1A64424C0025089B /* Frameworks */ = {
			isa = PBXFrameworksBuildPhase;
			buildActionMask = 2147483647;
			files = (
				969C38D81A64424C0025089B /* CoreGraphics.framework in Frameworks */,
				969C38DA1A64424C0025089B /* UIKit.framework in Frameworks */,
				969C38D61A64424C0025089B /* Foundation.framework in Frameworks */,
			);
			runOnlyForDeploymentPostprocessing = 0;
		};
		969C38F01A64424C0025089B /* Frameworks */ = {
			isa = PBXFrameworksBuildPhase;
			buildActionMask = 2147483647;
			files = (
				969C38F51A64424C0025089B /* XCTest.framework in Frameworks */,
				969C38F71A64424C0025089B /* UIKit.framework in Frameworks */,
				969C38F61A64424C0025089B /* Foundation.framework in Frameworks */,
			);
			runOnlyForDeploymentPostprocessing = 0;
		};
/* End PBXFrameworksBuildPhase section */

/* Begin PBXGroup section */
		969C38C91A64424C0025089B = {
			isa = PBXGroup;
			children = (
				969C38DB1A64424C0025089B /* Man's Best Friend */,
				969C38FA1A64424C0025089B /* Man's Best FriendTests */,
				969C38D41A64424C0025089B /* Frameworks */,
				969C38D31A64424C0025089B /* Products */,
			);
			sourceTree = "<group>";
		};
		969C38D31A64424C0025089B /* Products */ = {
			isa = PBXGroup;
			children = (
				969C38D21A64424C0025089B /* Man's Best Friend.app */,
				969C38F31A64424C0025089B /* Man's Best FriendTests.xctest */,
			);
			name = Products;
			sourceTree = "<group>";
		};
		969C38D41A64424C0025089B /* Frameworks */ = {
			isa = PBXGroup;
			children = (
				969C38D51A64424C0025089B /* Foundation.framework */,
				969C38D71A64424C0025089B /* CoreGraphics.framework */,
				969C38D91A64424C0025089B /* UIKit.framework */,
				969C38F41A64424C0025089B /* XCTest.framework */,
			);
			name = Frameworks;
			sourceTree = "<group>";
		};
		969C38DB1A64424C0025089B /* Man's Best Friend */ = {
			isa = PBXGroup;
			children = (
				969C38E41A64424C0025089B /* AppDelegate.h */,
				969C38E51A64424C0025089B /* AppDelegate.m */,
				969C38E71A64424C0025089B /* Main.storyboard */,
				969C38EA1A64424C0025089B /* ViewController.h */,
				969C38EB1A64424C0025089B /* ViewController.m */,
				969C38ED1A64424C0025089B /* Images.xcassets */,
				969C38DC1A64424C0025089B /* Supporting Files */,
			);
			path = "Man's Best Friend";
			sourceTree = "<group>";
		};
		969C38DC1A64424C0025089B /* Supporting Files */ = {
			isa = PBXGroup;
			children = (
				969C38DD1A64424C0025089B /* Man's Best Friend-Info.plist */,
				969C38DE1A64424C0025089B /* InfoPlist.strings */,
				969C38E11A64424C0025089B /* main.m */,
				969C38E31A64424C0025089B /* Man's Best Friend-Prefix.pch */,
			);
			name = "Supporting Files";
			sourceTree = "<group>";
		};
		969C38FA1A64424C0025089B /* Man's Best FriendTests */ = {
			isa = PBXGroup;
			children = (
				969C39001A64424C0025089B /* Man_s_Best_FriendTests.m */,
				969C38FB1A64424C0025089B /* Supporting Files */,
			);
			path = "Man's Best FriendTests";
			sourceTree = "<group>";
		};
		969C38FB1A64424C0025089B /* Supporting Files */ = {
			isa = PBXGroup;
			children = (
				969C38FC1A64424C0025089B /* Man's Best FriendTests-Info.plist */,
				969C38FD1A64424C0025089B /* InfoPlist.strings */,
			);
			name = "Supporting Files";
			sourceTree = "<group>";
		};
/* End PBXGroup section */

/* Begin PBXNativeTarget section */
		969C38D11A64424C0025089B /* Man's Best Friend */ = {
			isa = PBXNativeTarget;
			buildConfigurationList = 969C39041A64424C0025089B /* Build configuration list for PBXNativeTarget "Man's Best Friend" */;
			buildPhases = (
				969C38CE1A64424C0025089B /* Sources */,
				969C38CF1A64424C0025089B /* Frameworks */,
				969C38D01A64424C0025089B /* Resources */,
			);
			buildRules = (
			);
			dependencies = (
			);
			name = "Man's Best Friend";
			productName = "Man's Best Friend";
			productReference = 969C38D21A64424C0025089B /* Man's Best Friend.app */;
			productType = "com.apple.product-type.application";
		};
		969C38F21A64424C0025089B /* Man's Best FriendTests */ = {
			isa = PBXNativeTarget;
			buildConfigurationList = 969C39071A64424C0025089B /* Build configuration list for PBXNativeTarget "Man's Best FriendTests" */;
			buildPhases = (
				969C38EF1A64424C0025089B /* Sources */,
				969C38F01A64424C0025089B /* Frameworks */,
				969C38F11A64424C0025089B /* Resources */,
			);
			buildRules = (
			);
			dependencies = (
				969C38F91A64424C0025089B /* PBXTargetDependency */,
			);
			name = "Man's Best FriendTests";
			productName = "Man's Best FriendTests";
			productReference = 969C38F31A64424C0025089B /* Man's Best FriendTests.xctest */;
			productType = "com.apple.product-type.bundle.unit-test";
		};
/* End PBXNativeTarget section */

/* Begin PBXProject section */
		969C38CA1A64424C0025089B /* Project object */ = {
			isa = PBXProject;
			attributes = {
				LastUpgradeCheck = 0510;
				ORGANIZATIONNAME = "Jim Veneskey";
				TargetAttributes = {
					969C38F21A64424C0025089B = {
						TestTargetID = 969C38D11A64424C0025089B;
					};
				};
			};
			buildConfigurationList = 969C38CD1A64424C0025089B /* Build configuration list for PBXProject "Man's Best Friend" */;
			compatibilityVersion = "Xcode 3.2";
			developmentRegion = English;
			hasScannedForEncodings = 0;
			knownRegions = (
				en,
				Base,
			);
			mainGroup = 969C38C91A64424C0025089B;
			productRefGroup = 969C38D31A64424C0025089B /* Products */;
			projectDirPath = "";
			projectRoot = "";
			targets = (
				969C38D11A64424C0025089B /* Man's Best Friend */,
				969C38F21A64424C0025089B /* Man's Best FriendTests */,
			);
		};
/* End PBXProject section */

/* Begin PBXResourcesBuildPhase section */
		969C38D01A64424C0025089B /* Resources */ = {
			isa = PBXResourcesBuildPhase;
			buildActionMask = 2147483647;
			files = (
				969C38EE1A64424C0025089B /* Images.xcassets in Resources */,
				969C38E01A64424C0025089B /* InfoPlist.strings in Resources */,
				969C38E91A64424C0025089B /* Main.storyboard in Resources */,
			);
			runOnlyForDeploymentPostprocessing = 0;
		};
		969C38F11A64424C0025089B /* Resources */ = {
			isa = PBXResourcesBuildPhase;
			buildActionMask = 2147483647;
			files = (
				969C38FF1A64424C0025089B /* InfoPlist.strings in Resources */,
			);
			runOnlyForDeploymentPostprocessing = 0;
		};
/* End PBXResourcesBuildPhase section */

/* Begin PBXSourcesBuildPhase section */
		969C38CE1A64424C0025089B /* Sources */ = {
			isa = PBXSourcesBuildPhase;
			buildActionMask = 2147483647;
			files = (
				969C38EC1A64424C0025089B /* ViewController.m in Sources */,
				969C38E61A64424C0025089B /* AppDelegate.m in Sources */,
				969C38E21A64424C0025089B /* main.m in Sources */,
			);
			runOnlyForDeploymentPostprocessing = 0;
		};
		969C38EF1A64424C0025089B /* Sources */ = {
			isa = PBXSourcesBuildPhase;
			buildActionMask = 2147483647;
			files = (
				969C39011A64424C0025089B /* Man_s_Best_FriendTests.m in Sources */,
			);
			runOnlyForDeploymentPostprocessing = 0;
		};
/* End PBXSourcesBuildPhase section */

/* Begin PBXTargetDependency section */
		969C38F91A64424C0025089B /* PBXTargetDependency */ = {
			isa = PBXTargetDependency;
			target = 969C38D11A64424C0025089B /* Man's Best Friend */;
			targetProxy = 969C38F81A64424C0025089B /* PBXContainerItemProxy */;
		};
/* End PBXTargetDependency section */

/* Begin PBXVariantGroup section */
		969C38DE1A64424C0025089B /* InfoPlist.strings */ = {
			isa = PBXVariantGroup;
			children = (
				969C38DF1A64424C0025089B /* en */,
			);
			name = InfoPlist.strings;
			sourceTree = "<group>";
		};
		969C38E71A64424C0025089B /* Main.storyboard */ = {
			isa = PBXVariantGroup;
			children = (
				969C38E81A64424C0025089B /* Base */,
			);
			name = Main.storyboard;
			sourceTree = "<group>";
		};
		969C38FD1A64424C0025089B /* InfoPlist.strings */ = {
			isa = PBXVariantGroup;
			children = (
				969C38FE1A64424C0025089B /* en */,
			);
			name = InfoPlist.strings;
			sourceTree = "<group>";
		};
/* End PBXVariantGroup section */

/* Begin XCBuildConfiguration section */
		969C39021A64424C0025089B /* Debug */ = {
			isa = XCBuildConfiguration;
			buildSettings = {
				ALWAYS_SEARCH_USER_PATHS = NO;
				CLANG_CXX_LANGUAGE_STANDARD = "gnu++0x";
				CLANG_CXX_LIBRARY = "libc++";
				CLANG_ENABLE_MODULES = YES;
				CLANG_ENABLE_OBJC_ARC = YES;
				CLANG_WARN_BOOL_CONVERSION = YES;
				CLANG_WARN_CONSTANT_CONVERSION = YES;
				CLANG_WARN_DIRECT_OBJC_ISA_USAGE = YES_ERROR;
				CLANG_WARN_EMPTY_BODY = YES;
				CLANG_WARN_ENUM_CONVERSION = YES;
				CLANG_WARN_INT_CONVERSION = YES;
				CLANG_WARN_OBJC_ROOT_CLASS = YES_ERROR;
				CLANG_WARN__DUPLICATE_METHOD_MATCH = YES;
				"CODE_SIGN_IDENTITY[sdk=iphoneos*]" = "iPhone Developer";
				COPY_PHASE_STRIP = NO;
				GCC_C_LANGUAGE_STANDARD = gnu99;
				GCC_DYNAMIC_NO_PIC = NO;
				GCC_OPTIMIZATION_LEVEL = 0;
				GCC_PREPROCESSOR_DEFINITIONS = (
					"DEBUG=1",
					"$(inherited)",
				);
				GCC_SYMBOLS_PRIVATE_EXTERN = NO;
				GCC_WARN_64_TO_32_BIT_CONVERSION = YES;
				GCC_WARN_ABOUT_RETURN_TYPE = YES_ERROR;
				GCC_WARN_UNDECLARED_SELECTOR = YES;
				GCC_WARN_UNINITIALIZED_AUTOS = YES_AGGRESSIVE;
				GCC_WARN_UNUSED_FUNCTION = YES;
				GCC_WARN_UNUSED_VARIABLE = YES;
				IPHONEOS_DEPLOYMENT_TARGET = 7.1;
				ONLY_ACTIVE_ARCH = YES;
				SDKROOT = iphoneos;
			};
			name = Debug;
		};
		969C39031A64424C0025089B /* Release */ = {
			isa = XCBuildConfiguration;
			buildSettings = {
				ALWAYS_SEARCH_USER_PATHS = NO;
				CLANG_CXX_LANGUAGE_STANDARD = "gnu++0x";
				CLANG_CXX_LIBRARY = "libc++";
				CLANG_ENABLE_MODULES = YES;
				CLANG_ENABLE_OBJC_ARC = YES;
				CLANG_WARN_BOOL_CONVERSION = YES;
				CLANG_WARN_CONSTANT_CONVERSION = YES;
				CLANG_WARN_DIRECT_OBJC_ISA_USAGE = YES_ERROR;
				CLANG_WARN_EMPTY_BODY = YES;
				CLANG_WARN_ENUM_CONVERSION = YES;
				CLANG_WARN_INT_CONVERSION = YES;
				CLANG_WARN_OBJC_ROOT_CLASS = YES_ERROR;
				CLANG_WARN__DUPLICATE_METHOD_MATCH = YES;
				"CODE_SIGN_IDENTITY[sdk=iphoneos*]" = "iPhone Developer";
				COPY_PHASE_STRIP = YES;
				ENABLE_NS_ASSERTIONS = NO;
				GCC_C_LANGUAGE_STANDARD = gnu99;
				GCC_WARN_64_TO_32_BIT_CONVERSION = YES;
				GCC_WARN_ABOUT_RETURN_TYPE = YES_ERROR;
				GCC_WARN_UNDECLARED_SELECTOR = YES;
				GCC_WARN_UNINITIALIZED_AUTOS = YES_AGGRESSIVE;
				GCC_WARN_UNUSED_FUNCTION = YES;
				GCC_WARN_UNUSED_VARIABLE = YES;
				IPHONEOS_DEPLOYMENT_TARGET = 7.1;
				SDKROOT = iphoneos;
				VALIDATE_PRODUCT = YES;
			};
			name = Release;
		};
		969C39051A64424C0025089B /* Debug */ = {
			isa = XCBuildConfiguration;
			buildSettings = {
				ASSETCATALOG_COMPILER_APPICON_NAME = AppIcon;
				ASSETCATALOG_COMPILER_LAUNCHIMAGE_NAME = LaunchImage;
				GCC_PRECOMPILE_PREFIX_HEADER = YES;
				GCC_PREFIX_HEADER = "Man's Best Friend/Man's Best Friend-Prefix.pch";
				INFOPLIST_FILE = "Man's Best Friend/Man's Best Friend-Info.plist";
				PRODUCT_NAME = "$(TARGET_NAME)";
				WRAPPER_EXTENSION = app;
			};
			name = Debug;
		};
		969C39061A64424C0025089B /* Release */ = {
			isa = XCBuildConfiguration;
			buildSettings = {
				ASSETCATALOG_COMPILER_APPICON_NAME = AppIcon;
				ASSETCATALOG_COMPILER_LAUNCHIMAGE_NAME = LaunchImage;
				GCC_PRECOMPILE_PREFIX_HEADER = YES;
				GCC_PREFIX_HEADER = "Man's Best Friend/Man's Best Friend-Prefix.pch";
				INFOPLIST_FILE = "Man's Best Friend/Man's Best Friend-Info.plist";
				PRODUCT_NAME = "$(TARGET_NAME)";
				WRAPPER_EXTENSION = app;
			};
			name = Release;
		};
		969C39081A64424C0025089B /* Debug */ = {
			isa = XCBuildConfiguration;
			buildSettings = {
				BUNDLE_LOADER = "$(BUILT_PRODUCTS_DIR)/Man's Best Friend.app/Man's Best Friend";
				FRAMEWORK_SEARCH_PATHS = (
					"$(SDKROOT)/Developer/Library/Frameworks",
					"$(inherited)",
					"$(DEVELOPER_FRAMEWORKS_DIR)",
				);
				GCC_PRECOMPILE_PREFIX_HEADER = YES;
				GCC_PREFIX_HEADER = "Man's Best Friend/Man's Best Friend-Prefix.pch";
				GCC_PREPROCESSOR_DEFINITIONS = (
					"DEBUG=1",
					"$(inherited)",
				);
				INFOPLIST_FILE = "Man's Best FriendTests/Man's Best FriendTests-Info.plist";
				PRODUCT_NAME = "$(TARGET_NAME)";
				TEST_HOST = "$(BUNDLE_LOADER)";
				WRAPPER_EXTENSION = xctest;
			};
			name = Debug;
		};
		969C39091A64424C0025089B /* Release */ = {
			isa = XCBuildConfiguration;
			buildSettings = {
				BUNDLE_LOADER = "$(BUILT_PRODUCTS_DIR)/Man's Best Friend.app/Man's Best Friend";
				FRAMEWORK_SEARCH_PATHS = (
					"$(SDKROOT)/Developer/Library/Frameworks",
					"$(inherited)",
					"$(DEVELOPER_FRAMEWORKS_DIR)",
				);
				GCC_PRECOMPILE_PREFIX_HEADER = YES;
				GCC_PREFIX_HEADER = "Man's Best Friend/Man's Best Friend-Prefix.pch";
				INFOPLIST_FILE = "Man's Best FriendTests/Man's Best FriendTests-Info.plist";
				PRODUCT_NAME = "$(TARGET_NAME)";
				TEST_HOST = "$(BUNDLE_LOADER)";
				WRAPPER_EXTENSION = xctest;
			};
			name = Release;
		};
/* End XCBuildConfiguration section */

/* Begin XCConfigurationList section */
		969C38CD1A64424C0025089B /* Build configuration list for PBXProject "Man's Best Friend" */ = {
			isa = XCConfigurationList;
			buildConfigurations = (
				969C39021A64424C0025089B /* Debug */,
				969C39031A64424C0025089B /* Release */,
			);
			defaultConfigurationIsVisible = 0;
			defaultConfigurationName = Release;
		};
		969C39041A64424C0025089B /* Build configuration list for PBXNativeTarget "Man's Best Friend" */ = {
			isa = XCConfigurationList;
			buildConfigurations = (
				969C39051A64424C0025089B /* Debug */,
				969C39061A64424C0025089B /* Release */,
			);
			defaultConfigurationIsVisible = 0;
		};
		969C39071A64424C0025089B /* Build configuration list for PBXNativeTarget "Man's Best FriendTests" */ = {
			isa = XCConfigurationList;
			buildConfigurations = (
				969C39081A64424C0025089B /* Debug */,
				969C39091A64424C0025089B /* Release */,
			);
			defaultConfigurationIsVisible = 0;
		};
/* End XCConfigurationList section */
	};
	rootObject = 969C38CA1A64424C0025089B /* Project object */;
}
